
Microsoft Visual Studio Solution File, Format Version 12.00
# Visual Studio Version 16
VisualStudioVersion = 16.0.28803.202
MinimumVisualStudioVersion = 10.0.40219.1
Project("{FAE04EC0-301F-11D3-BF4B-00C04F79EFBC}") = "Task3", "Task3\Task3.csproj", "{DCBC8626-BD2C-4919-9138-DEB800456317}"
EndProject
Global
	GlobalSection(SolutionConfigurationPlatforms) = preSolution
		Debug|Any CPU = Debug|Any CPU
		Release|Any CPU = Release|Any CPU
	EndGlobalSection
	GlobalSection(ProjectConfigurationPlatforms) = postSolution
		{DCBC8626-BD2C-4919-9138-DEB800456317}.Debug|Any CPU.ActiveCfg = Debug|Any CPU
		{DCBC8626-BD2C-4919-9138-DEB800456317}.Debug|Any CPU.Build.0 = Debug|Any CPU
		{DCBC8626-BD2C-4919-9138-DEB800456317}.Release|Any CPU.ActiveCfg = Release|Any CPU
		{DCBC8626-BD2C-4919-9138-DEB800456317}.Release|Any CPU.Build.0 = Release|Any CPU
	EndGlobalSection
	GlobalSection(SolutionProperties) = preSolution
		HideSolutionNode = FALSE
	EndGlobalSection
	GlobalSection(ExtensibilityGlobals) = postSolution
		SolutionGuid = {AA94936B-B15D-44BA-8657-B8CE6B6E9FBB}
	EndGlobalSection
EndGlobal
